PODS:
  - EmptyPage (4.0.0):
    - EmptyPage/Core (= 4.0.0)
    - EmptyPage/Standard (= 4.0.0)
  - EmptyPage/Core (4.0.0)
  - EmptyPage/Standard (4.0.0):
    - EmptyPage/Core
  - MJRefresh (3.3.1)
  - SnapKit (5.0.0)
  - Stem (0.0.31):
    - Stem/AVKit (= 0.0.31)
    - Stem/Core (= 0.0.31)
    - Stem/Foundation (= 0.0.31)
    - Stem/Fundamentals (= 0.0.31)
    - Stem/NSObject (= 0.0.31)
    - Stem/Runtime (= 0.0.31)
    - Stem/UIKit (= 0.0.31)
    - Stem/WebKit (= 0.0.31)
  - Stem/AVKit (0.0.31):
    - Stem/Core
  - Stem/Core (0.0.31)
  - Stem/Foundation (0.0.31):
    - Stem/Core
    - Stem/Foundation/Coder (= 0.0.31)
    - Stem/Foundation/Collections (= 0.0.31)
    - Stem/Foundation/Custom (= 0.0.31)
    - Stem/Foundation/Date (= 0.0.31)
    - Stem/Foundation/Dispatch (= 0.0.31)
    - Stem/Foundation/Fundamentals (= 0.0.31)
    - Stem/Foundation/pre-release (= 0.0.31)
    - Stem/Foundation/String (= 0.0.31)
  - Stem/Foundation/Coder (0.0.31):
    - Stem/Core
  - Stem/Foundation/Collections (0.0.31):
    - Stem/Core
  - Stem/Foundation/Custom (0.0.31):
    - Stem/Core
  - Stem/Foundation/Date (0.0.31):
    - Stem/Core
  - Stem/Foundation/Dispatch (0.0.31):
    - Stem/Core
  - Stem/Foundation/Fundamentals (0.0.31):
    - Stem/Core
  - Stem/Foundation/pre-release (0.0.31):
    - Stem/Core
  - Stem/Foundation/String (0.0.31):
    - Stem/Core
    - Stem/Fundamentals
  - Stem/Fundamentals (0.0.31):
    - Stem/Core
  - Stem/NSObject (0.0.31):
    - Stem/Core
  - Stem/Runtime (0.0.31)
  - Stem/UIKit (0.0.31):
    - Stem/Core
    - Stem/Fundamentals
    - Stem/NSObject
    - Stem/Runtime
    - Stem/UIKit/Application (= 0.0.31)
    - Stem/UIKit/AttributedString (= 0.0.31)
    - Stem/UIKit/Color (= 0.0.31)
    - Stem/UIKit/Control (= 0.0.31)
    - Stem/UIKit/Custom (= 0.0.31)
    - Stem/UIKit/Font (= 0.0.31)
    - Stem/UIKit/GestureRecognizer (= 0.0.31)
    - Stem/UIKit/Image (= 0.0.31)
    - Stem/UIKit/ImageView (= 0.0.31)
    - Stem/UIKit/InputView (= 0.0.31)
    - Stem/UIKit/Interface (= 0.0.31)
    - Stem/UIKit/Label (= 0.0.31)
    - Stem/UIKit/ListView (= 0.0.31)
    - Stem/UIKit/NavigationBar (= 0.0.31)
    - Stem/UIKit/NSLayoutConstraint (= 0.0.31)
    - Stem/UIKit/UIDevice (= 0.0.31)
    - Stem/UIKit/View (= 0.0.31)
    - Stem/UIKit/ViewController (= 0.0.31)
  - Stem/UIKit/Application (0.0.31):
    - Stem/Core
    - Stem/Fundamentals
    - Stem/NSObject
    - Stem/Runtime
  - Stem/UIKit/AttributedString (0.0.31):
    - Stem/Core
    - Stem/Fundamentals
    - Stem/NSObject
    - Stem/Runtime
  - Stem/UIKit/Color (0.0.31):
    - Stem/Core
    - Stem/Fundamentals
    - Stem/NSObject
    - Stem/Runtime
  - Stem/UIKit/Control (0.0.31):
    - Stem/Core
    - Stem/Fundamentals
    - Stem/NSObject
    - Stem/Runtime
  - Stem/UIKit/Custom (0.0.31):
    - Stem/Core
    - Stem/Fundamentals
    - Stem/NSObject
    - Stem/Runtime
  - Stem/UIKit/Font (0.0.31):
    - Stem/Core
    - Stem/Fundamentals
    - Stem/NSObject
    - Stem/Runtime
  - Stem/UIKit/GestureRecognizer (0.0.31):
    - Stem/Core
    - Stem/Fundamentals
    - Stem/NSObject
    - Stem/Runtime
  - Stem/UIKit/Image (0.0.31):
    - Stem/Core
    - Stem/Fundamentals
    - Stem/NSObject
    - Stem/Runtime
  - Stem/UIKit/ImageView (0.0.31):
    - Stem/Core
    - Stem/Fundamentals
    - Stem/NSObject
    - Stem/Runtime
  - Stem/UIKit/InputView (0.0.31):
    - Stem/Core
    - Stem/Fundamentals
    - Stem/NSObject
    - Stem/Runtime
  - Stem/UIKit/Interface (0.0.31):
    - Stem/Core
    - Stem/Fundamentals
    - Stem/NSObject
    - Stem/Runtime
  - Stem/UIKit/Label (0.0.31):
    - Stem/Core
    - Stem/Fundamentals
    - Stem/NSObject
    - Stem/Runtime
  - Stem/UIKit/ListView (0.0.31):
    - Stem/Core
    - Stem/Fundamentals
    - Stem/NSObject
    - Stem/Runtime
    - Stem/UIKit/Interface
  - Stem/UIKit/NavigationBar (0.0.31):
    - Stem/Core
    - Stem/Fundamentals
    - Stem/NSObject
    - Stem/Runtime
  - Stem/UIKit/NSLayoutConstraint (0.0.31):
    - Stem/Core
    - Stem/Fundamentals
    - Stem/NSObject
    - Stem/Runtime
  - Stem/UIKit/UIDevice (0.0.31):
    - Stem/Core
    - Stem/Fundamentals
    - Stem/NSObject
    - Stem/Runtime
  - Stem/UIKit/View (0.0.31):
    - Stem/Core
    - Stem/Fundamentals
    - Stem/NSObject
    - Stem/Runtime
  - Stem/UIKit/ViewController (0.0.31):
    - Stem/Core
    - Stem/Fundamentals
    - Stem/NSObject
    - Stem/Runtime
  - Stem/WebKit (0.0.31):
    - Stem/Core
  - Stuart (0.0.1):
    - Stuart/SectionView (= 0.0.1)
  - Stuart/SectionView (0.0.1)
  - SVProgressHUD (2.2.5)
  - SwiftLint (0.35.0)

DEPENDENCIES:
  - EmptyPage (from `../EmptyPage.podspec`)
  - MJRefresh
  - SnapKit (= 5.0.0)
  - "Stem (from `git@github.com:linhay/Stem.git`, branch `develop`)"
  - "Stuart (from `git@github.com:linhay/Stuart.git`, branch `master`)"
  - SVProgressHUD
  - SwiftLint

SPEC REPOS:
  trunk:
    - MJRefresh
    - SnapKit
    - SVProgressHUD
    - SwiftLint

EXTERNAL SOURCES:
  EmptyPage:
    :path: "../EmptyPage.podspec"
  Stem:
    :branch: develop
    :git: "git@github.com:linhay/Stem.git"
  Stuart:
    :branch: master
    :git: "git@github.com:linhay/Stuart.git"

CHECKOUT OPTIONS:
  Stem:
    :commit: c7fa7ed8607342a7e6d91760e03ab29880552b30
    :git: "git@github.com:linhay/Stem.git"
  Stuart:
    :commit: e43b576351fcd78423887448208d278342746ca1
    :git: "git@github.com:linhay/Stuart.git"

SPEC CHECKSUMS:
  EmptyPage: 02c6172a3479ca14e9b3e4f738a336ec1535ea61
  MJRefresh: eeda70fbf0ad277f3178cef1cd0c3532591d6237
  SnapKit: fd22d10eb9aff484d79a8724eab922c1ddf89bcf
  Stem: ea4aa174339e851a15619fd7d370cc3570667f6c
  Stuart: b5fccbcb300fd684f248d371c7b36be7494a88b3
  SVProgressHUD: 1428aafac632c1f86f62aa4243ec12008d7a51d6
  SwiftLint: 5553187048b900c91aa03552807681bb6b027846

PODFILE CHECKSUM: b80657be41226e1ebd399ce57699ca21ef6fed65

COCOAPODS: 1.9.0
