PODS:
  - EmptyPage/Core (1.2.0)
  - EmptyPage/Spec (1.2.0):
    - EmptyPage/Standard
  - EmptyPage/Standard (1.2.0):
    - EmptyPage/Core

DEPENDENCIES:
  - EmptyPage/Spec (from `../`)

EXTERNAL SOURCES:
  EmptyPage:
    :path: ../

SPEC CHECKSUMS:
  EmptyPage: 376d1b3daa183d48e3eff14d4a7ea4079af62c7c

PODFILE CHECKSUM: e72acdad5b5ccb510a7f1029738e2427d6e418b2

COCOAPODS: 1.4.0.rc.1
