// !$*UTF8*$!
{
	archiveVersion = 1;
	classes = {
	};
	objectVersion = 46;
	objects = {

/* Begin PBXBuildFile section */
		607FACD61AFB9204008FA782 /* AppDelegate.swift in Sources */ = {isa = PBXBuildFile; fileRef = 607FACD51AFB9204008FA782 /* AppDelegate.swift */; };
		CD87ED8025061A7200468FD7 /* Example.swift in Sources */ = {isa = PBXBuildFile; fileRef = CD87ED7F25061A7200468FD7 /* Example.swift */; };
		CD87EDB825067D3C00468FD7 /* TestTableViewViewController.swift in Sources */ = {isa = PBXBuildFile; fileRef = CD87EDB725067D3C00468FD7 /* TestTableViewViewController.swift */; };
		CD87EDBC2506812500468FD7 /* TestCollectionViewController.swift in Sources */ = {isa = PBXBuildFile; fileRef = CD87EDBB2506812500468FD7 /* TestCollectionViewController.swift */; };
		CD9C18222498639400FC0DE9 /* trunk.sh in Resources */ = {isa = PBXBuildFile; fileRef = CD9C181F2498639400FC0DE9 /* trunk.sh */; };
		CD9C18232498639400FC0DE9 /* document.sh in Resources */ = {isa = PBXBuildFile; fileRef = CD9C18202498639400FC0DE9 /* document.sh */; };
		CD9C18242498639400FC0DE9 /* git_config.sh in Resources */ = {isa = PBXBuildFile; fileRef = CD9C18212498639400FC0DE9 /* git_config.sh */; };
		CD9C189A2498E51700FC0DE9 /* IndexViewController.swift in Sources */ = {isa = PBXBuildFile; fileRef = CD9C18992498E51700FC0DE9 /* IndexViewController.swift */; };
		CDA25D572009A7BD003C0E7E /* Images.xcassets in Resources */ = {isa = PBXBuildFile; fileRef = CDA25D562009A7BD003C0E7E /* Images.xcassets */; };
		CDA25D5D2009E54F003C0E7E /* EmptyStore.swift in Sources */ = {isa = PBXBuildFile; fileRef = CDA25D5C2009E54F003C0E7E /* EmptyStore.swift */; };
		CDAB9EDB250103530013ACEF /* TestStateViewController.swift in Sources */ = {isa = PBXBuildFile; fileRef = CDAB9ED9250103530013ACEF /* TestStateViewController.swift */; };
		CDAB9EDC250103530013ACEF /* TestStateViewController.xib in Resources */ = {isa = PBXBuildFile; fileRef = CDAB9EDA250103530013ACEF /* TestStateViewController.xib */; };
		CDDE172324FB826700AD70B9 /* DemoSection.swift in Sources */ = {isa = PBXBuildFile; fileRef = CDDE172224FB826700AD70B9 /* DemoSection.swift */; };
		CDDE172524FB828F00AD70B9 /* BaseSection.swift in Sources */ = {isa = PBXBuildFile; fileRef = CDDE172424FB828F00AD70B9 /* BaseSection.swift */; };
		CDDE174424FB909A00AD70B9 /* TestMJRefreshCollectionVC.swift in Sources */ = {isa = PBXBuildFile; fileRef = CDDE174324FB909A00AD70B9 /* TestMJRefreshCollectionVC.swift */; };
		CDE853D824ADCFA600833115 /* StateManager.swift in Sources */ = {isa = PBXBuildFile; fileRef = CDE853D724ADCFA600833115 /* StateManager.swift */; };
		CDF1DE15249A550F0037F7ED /* DZNEmptyDataSetSection.swift in Sources */ = {isa = PBXBuildFile; fileRef = CDF1DE14249A550F0037F7ED /* DZNEmptyDataSetSection.swift */; };
		CDF1DE18249A567F0037F7ED /* IndexHeaderView.swift in Sources */ = {isa = PBXBuildFile; fileRef = CDF1DE16249A567F0037F7ED /* IndexHeaderView.swift */; };
		CDF1DE19249A567F0037F7ED /* IndexHeaderView.xib in Resources */ = {isa = PBXBuildFile; fileRef = CDF1DE17249A567F0037F7ED /* IndexHeaderView.xib */; };
		CDF1DE1C249A58050037F7ED /* IndexCell.swift in Sources */ = {isa = PBXBuildFile; fileRef = CDF1DE1A249A58050037F7ED /* IndexCell.swift */; };
		CDF1DE1D249A58050037F7ED /* IndexCell.xib in Resources */ = {isa = PBXBuildFile; fileRef = CDF1DE1B249A58050037F7ED /* IndexCell.xib */; };
		CDF1DE20249A6D2E0037F7ED /* IndexTextCell.swift in Sources */ = {isa = PBXBuildFile; fileRef = CDF1DE1E249A6D2E0037F7ED /* IndexTextCell.swift */; };
		CDF1DE21249A6D2E0037F7ED /* IndexTextCell.xib in Resources */ = {isa = PBXBuildFile; fileRef = CDF1DE1F249A6D2E0037F7ED /* IndexTextCell.xib */; };
		CDF1DE23249A6E890037F7ED /* DribbbleSection.swift in Sources */ = {isa = PBXBuildFile; fileRef = CDF1DE22249A6E890037F7ED /* DribbbleSection.swift */; };
		CDF1DE25249A716C0037F7ED /* StandardSection.swift in Sources */ = {isa = PBXBuildFile; fileRef = CDF1DE24249A716C0037F7ED /* StandardSection.swift */; };
		D1DA711524FFBB055DF9A88D /* Pods_EmptyPage_Example.framework in Frameworks */ = {isa = PBXBuildFile; fileRef = A6E3A5E7C2782BD08A8AD275 /* Pods_EmptyPage_Example.framework */; };
/* End PBXBuildFile section */

/* Begin PBXFileReference section */
		279651C94AB31F26C93245C4 /* LICENSE */ = {isa = PBXFileReference; includeInIndex = 1; lastKnownFileType = text; name = LICENSE; path = ../LICENSE; sourceTree = "<group>"; };
		2A92FDD691F47CFF2DA54F12 /* Pods-EmptyPage_Example.release.xcconfig */ = {isa = PBXFileReference; includeInIndex = 1; lastKnownFileType = text.xcconfig; name = "Pods-EmptyPage_Example.release.xcconfig"; path = "Pods/Target Support Files/Pods-EmptyPage_Example/Pods-EmptyPage_Example.release.xcconfig"; sourceTree = "<group>"; };
		607FACD01AFB9204008FA782 /* EmptyPage_Example.app */ = {isa = PBXFileReference; explicitFileType = wrapper.application; includeInIndex = 0; path = EmptyPage_Example.app; sourceTree = BUILT_PRODUCTS_DIR; };
		607FACD51AFB9204008FA782 /* AppDelegate.swift */ = {isa = PBXFileReference; lastKnownFileType = sourcecode.swift; path = AppDelegate.swift; sourceTree = "<group>"; };
		72069FE43CCD8BD2766D9ED7 /* EmptyPage.podspec */ = {isa = PBXFileReference; includeInIndex = 1; lastKnownFileType = text; name = EmptyPage.podspec; path = ../EmptyPage.podspec; sourceTree = "<group>"; xcLanguageSpecificationIdentifier = xcode.lang.ruby; };
		7A0D4B6758498EB40AB7A721 /* Pods_EmptyPage_Tests.framework */ = {isa = PBXFileReference; explicitFileType = wrapper.framework; includeInIndex = 0; path = Pods_EmptyPage_Tests.framework; sourceTree = BUILT_PRODUCTS_DIR; };
		A530BC265F9B925295F14521 /* Pods_EmptyPage_Objective_C.framework */ = {isa = PBXFileReference; explicitFileType = wrapper.framework; includeInIndex = 0; path = Pods_EmptyPage_Objective_C.framework; sourceTree = BUILT_PRODUCTS_DIR; };
		A6E3A5E7C2782BD08A8AD275 /* Pods_EmptyPage_Example.framework */ = {isa = PBXFileReference; explicitFileType = wrapper.framework; includeInIndex = 0; path = Pods_EmptyPage_Example.framework; sourceTree = BUILT_PRODUCTS_DIR; };
		CD87ED7F25061A7200468FD7 /* Example.swift */ = {isa = PBXFileReference; lastKnownFileType = sourcecode.swift; path = Example.swift; sourceTree = "<group>"; };
		CD87EDB725067D3C00468FD7 /* TestTableViewViewController.swift */ = {isa = PBXFileReference; lastKnownFileType = sourcecode.swift; path = TestTableViewViewController.swift; sourceTree = "<group>"; };
		CD87EDBB2506812500468FD7 /* TestCollectionViewController.swift */ = {isa = PBXFileReference; lastKnownFileType = sourcecode.swift; path = TestCollectionViewController.swift; sourceTree = "<group>"; };
		CD9C181F2498639400FC0DE9 /* trunk.sh */ = {isa = PBXFileReference; fileEncoding = 4; lastKnownFileType = text.script.sh; path = trunk.sh; sourceTree = "<group>"; };
		CD9C18202498639400FC0DE9 /* document.sh */ = {isa = PBXFileReference; fileEncoding = 4; lastKnownFileType = text.script.sh; path = document.sh; sourceTree = "<group>"; };
		CD9C18212498639400FC0DE9 /* git_config.sh */ = {isa = PBXFileReference; fileEncoding = 4; lastKnownFileType = text.script.sh; path = git_config.sh; sourceTree = "<group>"; };
		CD9C1825249863C500FC0DE9 /* license */ = {isa = PBXFileReference; fileEncoding = 4; lastKnownFileType = text; path = license; sourceTree = "<group>"; };
		CD9C1827249863E100FC0DE9 /* license.py */ = {isa = PBXFileReference; fileEncoding = 4; lastKnownFileType = text.script.python; path = license.py; sourceTree = "<group>"; };
		CD9C18992498E51700FC0DE9 /* IndexViewController.swift */ = {isa = PBXFileReference; lastKnownFileType = sourcecode.swift; path = IndexViewController.swift; sourceTree = "<group>"; };
		CD9C18A52498E68D00FC0DE9 /* Info.plist */ = {isa = PBXFileReference; fileEncoding = 4; lastKnownFileType = text.plist.xml; path = Info.plist; sourceTree = "<group>"; };
		CDA25D562009A7BD003C0E7E /* Images.xcassets */ = {isa = PBXFileReference; lastKnownFileType = folder.assetcatalog; path = Images.xcassets; sourceTree = "<group>"; };
		CDA25D5C2009E54F003C0E7E /* EmptyStore.swift */ = {isa = PBXFileReference; lastKnownFileType = sourcecode.swift; path = EmptyStore.swift; sourceTree = "<group>"; };
		CDAB9ED9250103530013ACEF /* TestStateViewController.swift */ = {isa = PBXFileReference; lastKnownFileType = sourcecode.swift; path = TestStateViewController.swift; sourceTree = "<group>"; };
		CDAB9EDA250103530013ACEF /* TestStateViewController.xib */ = {isa = PBXFileReference; lastKnownFileType = file.xib; path = TestStateViewController.xib; sourceTree = "<group>"; };
		CDC4361E24FF7C4800CB528F /* EmptyPage_Example.entitlements */ = {isa = PBXFileReference; lastKnownFileType = text.plist.entitlements; path = EmptyPage_Example.entitlements; sourceTree = "<group>"; };
		CDDE172224FB826700AD70B9 /* DemoSection.swift */ = {isa = PBXFileReference; lastKnownFileType = sourcecode.swift; path = DemoSection.swift; sourceTree = "<group>"; };
		CDDE172424FB828F00AD70B9 /* BaseSection.swift */ = {isa = PBXFileReference; lastKnownFileType = sourcecode.swift; path = BaseSection.swift; sourceTree = "<group>"; };
		CDDE174324FB909A00AD70B9 /* TestMJRefreshCollectionVC.swift */ = {isa = PBXFileReference; lastKnownFileType = sourcecode.swift; path = TestMJRefreshCollectionVC.swift; sourceTree = "<group>"; };
		CDE853D724ADCFA600833115 /* StateManager.swift */ = {isa = PBXFileReference; lastKnownFileType = sourcecode.swift; path = StateManager.swift; sourceTree = "<group>"; };
		CDF1DE14249A550F0037F7ED /* DZNEmptyDataSetSection.swift */ = {isa = PBXFileReference; lastKnownFileType = sourcecode.swift; path = DZNEmptyDataSetSection.swift; sourceTree = "<group>"; };
		CDF1DE16249A567F0037F7ED /* IndexHeaderView.swift */ = {isa = PBXFileReference; lastKnownFileType = sourcecode.swift; path = IndexHeaderView.swift; sourceTree = "<group>"; };
		CDF1DE17249A567F0037F7ED /* IndexHeaderView.xib */ = {isa = PBXFileReference; lastKnownFileType = file.xib; path = IndexHeaderView.xib; sourceTree = "<group>"; };
		CDF1DE1A249A58050037F7ED /* IndexCell.swift */ = {isa = PBXFileReference; lastKnownFileType = sourcecode.swift; path = IndexCell.swift; sourceTree = "<group>"; };
		CDF1DE1B249A58050037F7ED /* IndexCell.xib */ = {isa = PBXFileReference; lastKnownFileType = file.xib; path = IndexCell.xib; sourceTree = "<group>"; };
		CDF1DE1E249A6D2E0037F7ED /* IndexTextCell.swift */ = {isa = PBXFileReference; lastKnownFileType = sourcecode.swift; path = IndexTextCell.swift; sourceTree = "<group>"; };
		CDF1DE1F249A6D2E0037F7ED /* IndexTextCell.xib */ = {isa = PBXFileReference; lastKnownFileType = file.xib; path = IndexTextCell.xib; sourceTree = "<group>"; };
		CDF1DE22249A6E890037F7ED /* DribbbleSection.swift */ = {isa = PBXFileReference; lastKnownFileType = sourcecode.swift; path = DribbbleSection.swift; sourceTree = "<group>"; };
		CDF1DE24249A716C0037F7ED /* StandardSection.swift */ = {isa = PBXFileReference; lastKnownFileType = sourcecode.swift; path = StandardSection.swift; sourceTree = "<group>"; };
		E355CF9FA2F096DBC0131154 /* Pods-EmptyPage_Example.debug.xcconfig */ = {isa = PBXFileReference; includeInIndex = 1; lastKnownFileType = text.xcconfig; name = "Pods-EmptyPage_Example.debug.xcconfig"; path = "Pods/Target Support Files/Pods-EmptyPage_Example/Pods-EmptyPage_Example.debug.xcconfig"; sourceTree = "<group>"; };
/* End PBXFileReference section */

/* Begin PBXFrameworksBuildPhase section */
		607FACCD1AFB9204008FA782 /* Frameworks */ = {
			isa = PBXFrameworksBuildPhase;
			buildActionMask = 2147483647;
			files = (
				D1DA711524FFBB055DF9A88D /* Pods_EmptyPage_Example.framework in Frameworks */,
			);
			runOnlyForDeploymentPostprocessing = 0;
		};
/* End PBXFrameworksBuildPhase section */

/* Begin PBXGroup section */
		607FACC71AFB9204008FA782 = {
			isa = PBXGroup;
			children = (
				CDC4361E24FF7C4800CB528F /* EmptyPage_Example.entitlements */,
				607FACF51AFB993E008FA782 /* Podspec Metadata */,
				607FACD21AFB9204008FA782 /* Example for EmptyPage */,
				607FACD11AFB9204008FA782 /* Products */,
				7166299F477013EBCD38D140 /* Pods */,
				CC162247290B497944FA1627 /* Frameworks */,
			);
			sourceTree = "<group>";
		};
		607FACD11AFB9204008FA782 /* Products */ = {
			isa = PBXGroup;
			children = (
				607FACD01AFB9204008FA782 /* EmptyPage_Example.app */,
			);
			name = Products;
			sourceTree = "<group>";
		};
		607FACD21AFB9204008FA782 /* Example for EmptyPage */ = {
			isa = PBXGroup;
			children = (
				CDDE174224FB904400AD70B9 /* tests */,
				CDE853D624ADCF9600833115 /* managers */,
				CD9C18A52498E68D00FC0DE9 /* Info.plist */,
				CDA25D562009A7BD003C0E7E /* Images.xcassets */,
				607FACD51AFB9204008FA782 /* AppDelegate.swift */,
				CD9C18992498E51700FC0DE9 /* IndexViewController.swift */,
				CDDE172424FB828F00AD70B9 /* BaseSection.swift */,
				CDDE172224FB826700AD70B9 /* DemoSection.swift */,
				CDF1DE24249A716C0037F7ED /* StandardSection.swift */,
				CDF1DE22249A6E890037F7ED /* DribbbleSection.swift */,
				CDF1DE14249A550F0037F7ED /* DZNEmptyDataSetSection.swift */,
				CDF1DE1A249A58050037F7ED /* IndexCell.swift */,
				CDF1DE1B249A58050037F7ED /* IndexCell.xib */,
				CDF1DE1E249A6D2E0037F7ED /* IndexTextCell.swift */,
				CDF1DE1F249A6D2E0037F7ED /* IndexTextCell.xib */,
				CDF1DE16249A567F0037F7ED /* IndexHeaderView.swift */,
				CDF1DE17249A567F0037F7ED /* IndexHeaderView.xib */,
				CDA25D5C2009E54F003C0E7E /* EmptyStore.swift */,
			);
			name = "Example for EmptyPage";
			path = EmptyPage;
			sourceTree = "<group>";
		};
		607FACF51AFB993E008FA782 /* Podspec Metadata */ = {
			isa = PBXGroup;
			children = (
				CD9C181E2498639400FC0DE9 /* scripts */,
				72069FE43CCD8BD2766D9ED7 /* EmptyPage.podspec */,
				279651C94AB31F26C93245C4 /* LICENSE */,
			);
			name = "Podspec Metadata";
			sourceTree = "<group>";
		};
		7166299F477013EBCD38D140 /* Pods */ = {
			isa = PBXGroup;
			children = (
				E355CF9FA2F096DBC0131154 /* Pods-EmptyPage_Example.debug.xcconfig */,
				2A92FDD691F47CFF2DA54F12 /* Pods-EmptyPage_Example.release.xcconfig */,
			);
			name = Pods;
			sourceTree = "<group>";
		};
		CC162247290B497944FA1627 /* Frameworks */ = {
			isa = PBXGroup;
			children = (
				7A0D4B6758498EB40AB7A721 /* Pods_EmptyPage_Tests.framework */,
				A530BC265F9B925295F14521 /* Pods_EmptyPage_Objective_C.framework */,
				A6E3A5E7C2782BD08A8AD275 /* Pods_EmptyPage_Example.framework */,
			);
			name = Frameworks;
			sourceTree = "<group>";
		};
		CD9C181E2498639400FC0DE9 /* scripts */ = {
			isa = PBXGroup;
			children = (
				CD9C1825249863C500FC0DE9 /* license */,
				CD9C1827249863E100FC0DE9 /* license.py */,
				CD9C181F2498639400FC0DE9 /* trunk.sh */,
				CD9C18202498639400FC0DE9 /* document.sh */,
				CD9C18212498639400FC0DE9 /* git_config.sh */,
			);
			path = scripts;
			sourceTree = "<group>";
		};
		CDDE174224FB904400AD70B9 /* tests */ = {
			isa = PBXGroup;
			children = (
				CDDE174324FB909A00AD70B9 /* TestMJRefreshCollectionVC.swift */,
				CDAB9ED9250103530013ACEF /* TestStateViewController.swift */,
				CDAB9EDA250103530013ACEF /* TestStateViewController.xib */,
				CD87EDB725067D3C00468FD7 /* TestTableViewViewController.swift */,
				CD87EDBB2506812500468FD7 /* TestCollectionViewController.swift */,
			);
			path = tests;
			sourceTree = "<group>";
		};
		CDE853D624ADCF9600833115 /* managers */ = {
			isa = PBXGroup;
			children = (
				CDE853D724ADCFA600833115 /* StateManager.swift */,
				CD87ED7F25061A7200468FD7 /* Example.swift */,
			);
			path = managers;
			sourceTree = "<group>";
		};
/* End PBXGroup section */

/* Begin PBXNativeTarget section */
		607FACCF1AFB9204008FA782 /* EmptyPage_Example */ = {
			isa = PBXNativeTarget;
			buildConfigurationList = 607FACEF1AFB9204008FA782 /* Build configuration list for PBXNativeTarget "EmptyPage_Example" */;
			buildPhases = (
				7CD4D0AEEEE555DC7F08EB2C /* [CP] Check Pods Manifest.lock */,
				CD9C181C2498631F00FC0DE9 /* Script-Git */,
				CD9C181D2498633100FC0DE9 /* Script-license */,
				CD543C68233CCBC200CFE10F /* Script-SwiftLint */,
				607FACCC1AFB9204008FA782 /* Sources */,
				607FACCD1AFB9204008FA782 /* Frameworks */,
				607FACCE1AFB9204008FA782 /* Resources */,
				EB8249D12F7B6FDE4D3FF153 /* [CP] Embed Pods Frameworks */,
			);
			buildRules = (
			);
			dependencies = (
			);
			name = EmptyPage_Example;
			productName = EmptyPage;
			productReference = 607FACD01AFB9204008FA782 /* EmptyPage_Example.app */;
			productType = "com.apple.product-type.application";
		};
/* End PBXNativeTarget section */

/* Begin PBXProject section */
		607FACC81AFB9204008FA782 /* Project object */ = {
			isa = PBXProject;
			attributes = {
				LastSwiftUpdateCheck = 1010;
				LastUpgradeCheck = 1020;
				ORGANIZATIONNAME = CocoaPods;
				TargetAttributes = {
					607FACCF1AFB9204008FA782 = {
						CreatedOnToolsVersion = 6.3.1;
						DevelopmentTeam = 8H2PX2432F;
						LastSwiftMigration = 1010;
					};
				};
			};
			buildConfigurationList = 607FACCB1AFB9204008FA782 /* Build configuration list for PBXProject "EmptyPage" */;
			compatibilityVersion = "Xcode 3.2";
			developmentRegion = en;
			hasScannedForEncodings = 0;
			knownRegions = (
				en,
				Base,
			);
			mainGroup = 607FACC71AFB9204008FA782;
			productRefGroup = 607FACD11AFB9204008FA782 /* Products */;
			projectDirPath = "";
			projectRoot = "";
			targets = (
				607FACCF1AFB9204008FA782 /* EmptyPage_Example */,
			);
		};
/* End PBXProject section */

/* Begin PBXResourcesBuildPhase section */
		607FACCE1AFB9204008FA782 /* Resources */ = {
			isa = PBXResourcesBuildPhase;
			buildActionMask = 2147483647;
			files = (
				CDF1DE19249A567F0037F7ED /* IndexHeaderView.xib in Resources */,
				CD9C18222498639400FC0DE9 /* trunk.sh in Resources */,
				CD9C18242498639400FC0DE9 /* git_config.sh in Resources */,
				CDF1DE1D249A58050037F7ED /* IndexCell.xib in Resources */,
				CD9C18232498639400FC0DE9 /* document.sh in Resources */,
				CDAB9EDC250103530013ACEF /* TestStateViewController.xib in Resources */,
				CDF1DE21249A6D2E0037F7ED /* IndexTextCell.xib in Resources */,
				CDA25D572009A7BD003C0E7E /* Images.xcassets in Resources */,
			);
			runOnlyForDeploymentPostprocessing = 0;
		};
/* End PBXResourcesBuildPhase section */

/* Begin PBXShellScriptBuildPhase section */
		7CD4D0AEEEE555DC7F08EB2C /* [CP] Check Pods Manifest.lock */ = {
			isa = PBXShellScriptBuildPhase;
			buildActionMask = 2147483647;
			files = (
			);
			inputPaths = (
				"${PODS_PODFILE_DIR_PATH}/Podfile.lock",
				"${PODS_ROOT}/Manifest.lock",
			);
			name = "[CP] Check Pods Manifest.lock";
			outputPaths = (
				"$(DERIVED_FILE_DIR)/Pods-EmptyPage_Example-checkManifestLockResult.txt",
			);
			runOnlyForDeploymentPostprocessing = 0;
			shellPath = /bin/sh;
			shellScript = "diff \"${PODS_PODFILE_DIR_PATH}/Podfile.lock\" \"${PODS_ROOT}/Manifest.lock\" > /dev/null\nif [ $? != 0 ] ; then\n    # print error to STDERR\n    echo \"error: The sandbox is not in sync with the Podfile.lock. Run 'pod install' or update your CocoaPods installation.\" >&2\n    exit 1\nfi\n# This output is used by Xcode 'outputs' to avoid re-running this script phase.\necho \"SUCCESS\" > \"${SCRIPT_OUTPUT_FILE_0}\"\n";
			showEnvVarsInLog = 0;
		};
		CD543C68233CCBC200CFE10F /* Script-SwiftLint */ = {
			isa = PBXShellScriptBuildPhase;
			buildActionMask = 2147483647;
			files = (
			);
			inputFileListPaths = (
			);
			inputPaths = (
			);
			name = "Script-SwiftLint";
			outputFileListPaths = (
			);
			outputPaths = (
			);
			runOnlyForDeploymentPostprocessing = 0;
			shellPath = /bin/sh;
			shellScript = "# Type a script or drag a script file from your workspace to insert its path.\n\"${PODS_ROOT}/SwiftLint/swiftlint\"\n";
		};
		CD9C181C2498631F00FC0DE9 /* Script-Git */ = {
			isa = PBXShellScriptBuildPhase;
			buildActionMask = 2147483647;
			files = (
			);
			inputFileListPaths = (
			);
			inputPaths = (
			);
			name = "Script-Git";
			outputFileListPaths = (
			);
			outputPaths = (
			);
			runOnlyForDeploymentPostprocessing = 0;
			shellPath = /bin/sh;
			shellScript = "# Type a script or drag a script file from your workspace to insert its path.\nsh \"$PROJECT_DIR/scripts/git_config.sh\"\n";
		};
		CD9C181D2498633100FC0DE9 /* Script-license */ = {
			isa = PBXShellScriptBuildPhase;
			buildActionMask = 2147483647;
			files = (
			);
			inputFileListPaths = (
			);
			inputPaths = (
			);
			name = "Script-license";
			outputFileListPaths = (
			);
			outputPaths = (
			);
			runOnlyForDeploymentPostprocessing = 0;
			shellPath = /bin/sh;
			shellScript = "# Type a script or drag a script file from your workspace to insert its path.\ncd $PROJECT_DIR/scripts\npython3 license.py\n";
		};
		EB8249D12F7B6FDE4D3FF153 /* [CP] Embed Pods Frameworks */ = {
			isa = PBXShellScriptBuildPhase;
			buildActionMask = 2147483647;
			files = (
			);
			inputPaths = (
				"${PODS_ROOT}/Target Support Files/Pods-EmptyPage_Example/Pods-EmptyPage_Example-frameworks.sh",
				"${BUILT_PRODUCTS_DIR}/EmptyPage/EmptyPage.framework",
				"${PODS_ROOT}/LookinServer/LookinServer.framework",
				"${BUILT_PRODUCTS_DIR}/MJRefresh/MJRefresh.framework",
				"${BUILT_PRODUCTS_DIR}/ReachabilitySwift/Reachability.framework",
				"${BUILT_PRODUCTS_DIR}/SnapKit/SnapKit.framework",
				"${BUILT_PRODUCTS_DIR}/Stem/Stem.framework",
			);
			name = "[CP] Embed Pods Frameworks";
			outputPaths = (
				"${TARGET_BUILD_DIR}/${FRAMEWORKS_FOLDER_PATH}/EmptyPage.framework",
				"${TARGET_BUILD_DIR}/${FRAMEWORKS_FOLDER_PATH}/LookinServer.framework",
				"${TARGET_BUILD_DIR}/${FRAMEWORKS_FOLDER_PATH}/MJRefresh.framework",
				"${TARGET_BUILD_DIR}/${FRAMEWORKS_FOLDER_PATH}/Reachability.framework",
				"${TARGET_BUILD_DIR}/${FRAMEWORKS_FOLDER_PATH}/SnapKit.framework",
				"${TARGET_BUILD_DIR}/${FRAMEWORKS_FOLDER_PATH}/Stem.framework",
			);
			runOnlyForDeploymentPostprocessing = 0;
			shellPath = /bin/sh;
			shellScript = "\"${PODS_ROOT}/Target Support Files/Pods-EmptyPage_Example/Pods-EmptyPage_Example-frameworks.sh\"\n";
			showEnvVarsInLog = 0;
		};
/* End PBXShellScriptBuildPhase section */

/* Begin PBXSourcesBuildPhase section */
		607FACCC1AFB9204008FA782 /* Sources */ = {
			isa = PBXSourcesBuildPhase;
			buildActionMask = 2147483647;
			files = (
				CD87EDBC2506812500468FD7 /* TestCollectionViewController.swift in Sources */,
				CDF1DE23249A6E890037F7ED /* DribbbleSection.swift in Sources */,
				CDA25D5D2009E54F003C0E7E /* EmptyStore.swift in Sources */,
				CDAB9EDB250103530013ACEF /* TestStateViewController.swift in Sources */,
				CDE853D824ADCFA600833115 /* StateManager.swift in Sources */,
				CDDE172324FB826700AD70B9 /* DemoSection.swift in Sources */,
				CDDE174424FB909A00AD70B9 /* TestMJRefreshCollectionVC.swift in Sources */,
				CDDE172524FB828F00AD70B9 /* BaseSection.swift in Sources */,
				607FACD61AFB9204008FA782 /* AppDelegate.swift in Sources */,
				CDF1DE1C249A58050037F7ED /* IndexCell.swift in Sources */,
				CDF1DE25249A716C0037F7ED /* StandardSection.swift in Sources */,
				CD87EDB825067D3C00468FD7 /* TestTableViewViewController.swift in Sources */,
				CDF1DE18249A567F0037F7ED /* IndexHeaderView.swift in Sources */,
				CDF1DE20249A6D2E0037F7ED /* IndexTextCell.swift in Sources */,
				CD9C189A2498E51700FC0DE9 /* IndexViewController.swift in Sources */,
				CDF1DE15249A550F0037F7ED /* DZNEmptyDataSetSection.swift in Sources */,
				CD87ED8025061A7200468FD7 /* Example.swift in Sources */,
			);
			runOnlyForDeploymentPostprocessing = 0;
		};
/* End PBXSourcesBuildPhase section */

/* Begin XCBuildConfiguration section */
		607FACED1AFB9204008FA782 /* Debug */ = {
			isa = XCBuildConfiguration;
			buildSettings = {
				ALWAYS_SEARCH_USER_PATHS = NO;
				CLANG_ANALYZER_LOCALIZABILITY_NONLOCALIZED = YES;
				CLANG_CXX_LANGUAGE_STANDARD = "gnu++0x";
				CLANG_CXX_LIBRARY = "libc++";
				CLANG_ENABLE_MODULES = YES;
				CLANG_ENABLE_OBJC_ARC = YES;
				CLANG_WARN_BLOCK_CAPTURE_AUTORELEASING = YES;
				CLANG_WARN_BOOL_CONVERSION = YES;
				CLANG_WARN_COMMA = YES;
				CLANG_WARN_CONSTANT_CONVERSION = YES;
				CLANG_WARN_DEPRECATED_OBJC_IMPLEMENTATIONS = YES;
				CLANG_WARN_DIRECT_OBJC_ISA_USAGE = YES_ERROR;
				CLANG_WARN_EMPTY_BODY = YES;
				CLANG_WARN_ENUM_CONVERSION = YES;
				CLANG_WARN_INFINITE_RECURSION = YES;
				CLANG_WARN_INT_CONVERSION = YES;
				CLANG_WARN_NON_LITERAL_NULL_CONVERSION = YES;
				CLANG_WARN_OBJC_IMPLICIT_RETAIN_SELF = YES;
				CLANG_WARN_OBJC_LITERAL_CONVERSION = YES;
				CLANG_WARN_OBJC_ROOT_CLASS = YES_ERROR;
				CLANG_WARN_RANGE_LOOP_ANALYSIS = YES;
				CLANG_WARN_STRICT_PROTOTYPES = YES;
				CLANG_WARN_SUSPICIOUS_MOVE = YES;
				CLANG_WARN_UNREACHABLE_CODE = YES;
				CLANG_WARN__DUPLICATE_METHOD_MATCH = YES;
				"CODE_SIGN_IDENTITY[sdk=iphoneos*]" = "iPhone Developer";
				COPY_PHASE_STRIP = NO;
				DEBUG_INFORMATION_FORMAT = "dwarf-with-dsym";
				ENABLE_STRICT_OBJC_MSGSEND = YES;
				ENABLE_TESTABILITY = YES;
				GCC_C_LANGUAGE_STANDARD = gnu99;
				GCC_DYNAMIC_NO_PIC = NO;
				GCC_NO_COMMON_BLOCKS = YES;
				GCC_OPTIMIZATION_LEVEL = 0;
				GCC_PREPROCESSOR_DEFINITIONS = (
					"DEBUG=1",
					"$(inherited)",
				);
				GCC_SYMBOLS_PRIVATE_EXTERN = NO;
				GCC_WARN_64_TO_32_BIT_CONVERSION = YES;
				GCC_WARN_ABOUT_RETURN_TYPE = YES_ERROR;
				GCC_WARN_UNDECLARED_SELECTOR = YES;
				GCC_WARN_UNINITIALIZED_AUTOS = YES_AGGRESSIVE;
				GCC_WARN_UNUSED_FUNCTION = YES;
				GCC_WARN_UNUSED_VARIABLE = YES;
				IPHONEOS_DEPLOYMENT_TARGET = 9.3;
				MTL_ENABLE_DEBUG_INFO = YES;
				ONLY_ACTIVE_ARCH = YES;
				SDKROOT = iphoneos;
				SWIFT_OPTIMIZATION_LEVEL = "-Onone";
				SWIFT_VERSION = 5.0;
			};
			name = Debug;
		};
		607FACEE1AFB9204008FA782 /* Release */ = {
			isa = XCBuildConfiguration;
			buildSettings = {
				ALWAYS_SEARCH_USER_PATHS = NO;
				CLANG_ANALYZER_LOCALIZABILITY_NONLOCALIZED = YES;
				CLANG_CXX_LANGUAGE_STANDARD = "gnu++0x";
				CLANG_CXX_LIBRARY = "libc++";
				CLANG_ENABLE_MODULES = YES;
				CLANG_ENABLE_OBJC_ARC = YES;
				CLANG_WARN_BLOCK_CAPTURE_AUTORELEASING = YES;
				CLANG_WARN_BOOL_CONVERSION = YES;
				CLANG_WARN_COMMA = YES;
				CLANG_WARN_CONSTANT_CONVERSION = YES;
				CLANG_WARN_DEPRECATED_OBJC_IMPLEMENTATIONS = YES;
				CLANG_WARN_DIRECT_OBJC_ISA_USAGE = YES_ERROR;
				CLANG_WARN_EMPTY_BODY = YES;
				CLANG_WARN_ENUM_CONVERSION = YES;
				CLANG_WARN_INFINITE_RECURSION = YES;
				CLANG_WARN_INT_CONVERSION = YES;
				CLANG_WARN_NON_LITERAL_NULL_CONVERSION = YES;
				CLANG_WARN_OBJC_IMPLICIT_RETAIN_SELF = YES;
				CLANG_WARN_OBJC_LITERAL_CONVERSION = YES;
				CLANG_WARN_OBJC_ROOT_CLASS = YES_ERROR;
				CLANG_WARN_RANGE_LOOP_ANALYSIS = YES;
				CLANG_WARN_STRICT_PROTOTYPES = YES;
				CLANG_WARN_SUSPICIOUS_MOVE = YES;
				CLANG_WARN_UNREACHABLE_CODE = YES;
				CLANG_WARN__DUPLICATE_METHOD_MATCH = YES;
				"CODE_SIGN_IDENTITY[sdk=iphoneos*]" = "iPhone Developer";
				COPY_PHASE_STRIP = NO;
				DEBUG_INFORMATION_FORMAT = "dwarf-with-dsym";
				ENABLE_NS_ASSERTIONS = NO;
				ENABLE_STRICT_OBJC_MSGSEND = YES;
				GCC_C_LANGUAGE_STANDARD = gnu99;
				GCC_NO_COMMON_BLOCKS = YES;
				GCC_WARN_64_TO_32_BIT_CONVERSION = YES;
				GCC_WARN_ABOUT_RETURN_TYPE = YES_ERROR;
				GCC_WARN_UNDECLARED_SELECTOR = YES;
				GCC_WARN_UNINITIALIZED_AUTOS = YES_AGGRESSIVE;
				GCC_WARN_UNUSED_FUNCTION = YES;
				GCC_WARN_UNUSED_VARIABLE = YES;
				IPHONEOS_DEPLOYMENT_TARGET = 9.3;
				MTL_ENABLE_DEBUG_INFO = NO;
				SDKROOT = iphoneos;
				SWIFT_OPTIMIZATION_LEVEL = "-Owholemodule";
				SWIFT_VERSION = 5.0;
				VALIDATE_PRODUCT = YES;
			};
			name = Release;
		};
		607FACF01AFB9204008FA782 /* Debug */ = {
			isa = XCBuildConfiguration;
			baseConfigurationReference = E355CF9FA2F096DBC0131154 /* Pods-EmptyPage_Example.debug.xcconfig */;
			buildSettings = {
				ASSETCATALOG_COMPILER_APPICON_NAME = AppIcon;
				CODE_SIGN_ENTITLEMENTS = EmptyPage_Example.entitlements;
				DEVELOPMENT_TEAM = 8H2PX2432F;
				INFOPLIST_FILE = EmptyPage/Info.plist;
				IPHONEOS_DEPLOYMENT_TARGET = 11.0;
				LD_RUNPATH_SEARCH_PATHS = "$(inherited) @executable_path/Frameworks";
				MODULE_NAME = ExampleApp;
				PRODUCT_BUNDLE_IDENTIFIER = linhey.EmptyPage;
				PRODUCT_NAME = "$(TARGET_NAME)";
				SUPPORTS_MACCATALYST = YES;
				SWIFT_VERSION = 5.0;
				TARGETED_DEVICE_FAMILY = "1,2";
			};
			name = Debug;
		};
		607FACF11AFB9204008FA782 /* Release */ = {
			isa = XCBuildConfiguration;
			baseConfigurationReference = 2A92FDD691F47CFF2DA54F12 /* Pods-EmptyPage_Example.release.xcconfig */;
			buildSettings = {
				ASSETCATALOG_COMPILER_APPICON_NAME = AppIcon;
				CODE_SIGN_ENTITLEMENTS = EmptyPage_Example.entitlements;
				DEVELOPMENT_TEAM = 8H2PX2432F;
				INFOPLIST_FILE = EmptyPage/Info.plist;
				IPHONEOS_DEPLOYMENT_TARGET = 11.0;
				LD_RUNPATH_SEARCH_PATHS = "$(inherited) @executable_path/Frameworks";
				MODULE_NAME = ExampleApp;
				PRODUCT_BUNDLE_IDENTIFIER = linhey.EmptyPage;
				PRODUCT_NAME = "$(TARGET_NAME)";
				SUPPORTS_MACCATALYST = YES;
				SWIFT_VERSION = 5.0;
				TARGETED_DEVICE_FAMILY = "1,2";
			};
			name = Release;
		};
/* End XCBuildConfiguration section */

/* Begin XCConfigurationList section */
		607FACCB1AFB9204008FA782 /* Build configuration list for PBXProject "EmptyPage" */ = {
			isa = XCConfigurationList;
			buildConfigurations = (
				607FACED1AFB9204008FA782 /* Debug */,
				607FACEE1AFB9204008FA782 /* Release */,
			);
			defaultConfigurationIsVisible = 0;
			defaultConfigurationName = Release;
		};
		607FACEF1AFB9204008FA782 /* Build configuration list for PBXNativeTarget "EmptyPage_Example" */ = {
			isa = XCConfigurationList;
			buildConfigurations = (
				607FACF01AFB9204008FA782 /* Debug */,
				607FACF11AFB9204008FA782 /* Release */,
			);
			defaultConfigurationIsVisible = 0;
			defaultConfigurationName = Release;
		};
/* End XCConfigurationList section */
	};
	rootObject = 607FACC81AFB9204008FA782 /* Project object */;
}
