// !$*UTF8*$!
{
	archiveVersion = 1;
	classes = {
	};
	objectVersion = 46;
	objects = {

/* Begin PBXBuildFile section */
		607FACD61AFB9204008FA782 /* AppDelegate.swift in Sources */ = {isa = PBXBuildFile; fileRef = 607FACD51AFB9204008FA782 /* AppDelegate.swift */; };
		607FACE01AFB9204008FA782 /* LaunchScreen.xib in Resources */ = {isa = PBXBuildFile; fileRef = 607FACDE1AFB9204008FA782 /* LaunchScreen.xib */; };
		9D7F63542005ED050028F898 /* .swift-version in Resources */ = {isa = PBXBuildFile; fileRef = 9D7F63532005ED050028F898 /* .swift-version */; };
		9D9EB38D200866C7002264E7 /* HomeViewController.swift in Sources */ = {isa = PBXBuildFile; fileRef = 9D9EB38C200866C7002264E7 /* HomeViewController.swift */; };
		9D9EB38F2008674E002264E7 /* HomeViewController.storyboard in Resources */ = {isa = PBXBuildFile; fileRef = 9D9EB38E2008674E002264E7 /* HomeViewController.storyboard */; };
		9D9EB39120088528002264E7 /* EmptyPageForCustom.swift in Sources */ = {isa = PBXBuildFile; fileRef = 9D9EB39020088528002264E7 /* EmptyPageForCustom.swift */; };
		9D9EB3932008853E002264E7 /* EmptyPageForCustom.xib in Resources */ = {isa = PBXBuildFile; fileRef = 9D9EB3922008853E002264E7 /* EmptyPageForCustom.xib */; };
		CDA25D572009A7BD003C0E7E /* Images.xcassets in Resources */ = {isa = PBXBuildFile; fileRef = CDA25D562009A7BD003C0E7E /* Images.xcassets */; };
		CDA25D592009E4CB003C0E7E /* DemoTableViewController.swift in Sources */ = {isa = PBXBuildFile; fileRef = CDA25D582009E4CB003C0E7E /* DemoTableViewController.swift */; };
		CDA25D5B2009E4DB003C0E7E /* DemoCollectionViewController.swift in Sources */ = {isa = PBXBuildFile; fileRef = CDA25D5A2009E4DB003C0E7E /* DemoCollectionViewController.swift */; };
		CDA25D5D2009E54F003C0E7E /* EmptyManger.swift in Sources */ = {isa = PBXBuildFile; fileRef = CDA25D5C2009E54F003C0E7E /* EmptyManger.swift */; };
		CDA25D5F2009E630003C0E7E /* EmptyPageForAnimation.swift in Sources */ = {isa = PBXBuildFile; fileRef = CDA25D5E2009E630003C0E7E /* EmptyPageForAnimation.swift */; };
		CDA25D612009E657003C0E7E /* EmptyPageForAnimation.xib in Resources */ = {isa = PBXBuildFile; fileRef = CDA25D602009E657003C0E7E /* EmptyPageForAnimation.xib */; };
		D1322284C3AF07E5E228A989 /* Pods_EmptyPage_Example.framework in Frameworks */ = {isa = PBXBuildFile; fileRef = 2A65B0197A95543AF5D0756E /* Pods_EmptyPage_Example.framework */; };
/* End PBXBuildFile section */

/* Begin PBXFileReference section */
		279651C94AB31F26C93245C4 /* LICENSE */ = {isa = PBXFileReference; includeInIndex = 1; lastKnownFileType = text; name = LICENSE; path = ../LICENSE; sourceTree = "<group>"; };
		2A65B0197A95543AF5D0756E /* Pods_EmptyPage_Example.framework */ = {isa = PBXFileReference; explicitFileType = wrapper.framework; includeInIndex = 0; path = Pods_EmptyPage_Example.framework; sourceTree = BUILT_PRODUCTS_DIR; };
		2A92FDD691F47CFF2DA54F12 /* Pods-EmptyPage_Example.release.xcconfig */ = {isa = PBXFileReference; includeInIndex = 1; lastKnownFileType = text.xcconfig; name = "Pods-EmptyPage_Example.release.xcconfig"; path = "Pods/Target Support Files/Pods-EmptyPage_Example/Pods-EmptyPage_Example.release.xcconfig"; sourceTree = "<group>"; };
		607FACD01AFB9204008FA782 /* EmptyPage_Example.app */ = {isa = PBXFileReference; explicitFileType = wrapper.application; includeInIndex = 0; path = EmptyPage_Example.app; sourceTree = BUILT_PRODUCTS_DIR; };
		607FACD41AFB9204008FA782 /* Info.plist */ = {isa = PBXFileReference; lastKnownFileType = text.plist.xml; path = Info.plist; sourceTree = "<group>"; };
		607FACD51AFB9204008FA782 /* AppDelegate.swift */ = {isa = PBXFileReference; lastKnownFileType = sourcecode.swift; path = AppDelegate.swift; sourceTree = "<group>"; };
		607FACDF1AFB9204008FA782 /* Base */ = {isa = PBXFileReference; lastKnownFileType = file.xib; name = Base; path = Base.lproj/LaunchScreen.xib; sourceTree = "<group>"; };
		72069FE43CCD8BD2766D9ED7 /* EmptyPage.podspec */ = {isa = PBXFileReference; includeInIndex = 1; lastKnownFileType = text; name = EmptyPage.podspec; path = ../EmptyPage.podspec; sourceTree = "<group>"; xcLanguageSpecificationIdentifier = xcode.lang.ruby; };
		7A0D4B6758498EB40AB7A721 /* Pods_EmptyPage_Tests.framework */ = {isa = PBXFileReference; explicitFileType = wrapper.framework; includeInIndex = 0; path = Pods_EmptyPage_Tests.framework; sourceTree = BUILT_PRODUCTS_DIR; };
		8B2DDCFE4E0A31B1EDF137CB /* Pods-EmptyPage_Tests.release.xcconfig */ = {isa = PBXFileReference; includeInIndex = 1; lastKnownFileType = text.xcconfig; name = "Pods-EmptyPage_Tests.release.xcconfig"; path = "Pods/Target Support Files/Pods-EmptyPage_Tests/Pods-EmptyPage_Tests.release.xcconfig"; sourceTree = "<group>"; };
		9D7F63532005ED050028F898 /* .swift-version */ = {isa = PBXFileReference; fileEncoding = 4; lastKnownFileType = text; name = ".swift-version"; path = "../.swift-version"; sourceTree = "<group>"; };
		9D9EB38C200866C7002264E7 /* HomeViewController.swift */ = {isa = PBXFileReference; lastKnownFileType = sourcecode.swift; path = HomeViewController.swift; sourceTree = "<group>"; };
		9D9EB38E2008674E002264E7 /* HomeViewController.storyboard */ = {isa = PBXFileReference; lastKnownFileType = file.storyboard; path = HomeViewController.storyboard; sourceTree = "<group>"; };
		9D9EB39020088528002264E7 /* EmptyPageForCustom.swift */ = {isa = PBXFileReference; lastKnownFileType = sourcecode.swift; path = EmptyPageForCustom.swift; sourceTree = "<group>"; };
		9D9EB3922008853E002264E7 /* EmptyPageForCustom.xib */ = {isa = PBXFileReference; lastKnownFileType = file.xib; path = EmptyPageForCustom.xib; sourceTree = "<group>"; };
		A8187284C2035D73F1FEC286 /* README.md */ = {isa = PBXFileReference; includeInIndex = 1; lastKnownFileType = net.daringfireball.markdown; name = README.md; path = ../README.md; sourceTree = "<group>"; };
		B9825AB205A0A5E1168F3C90 /* Pods-EmptyPage_Tests.debug.xcconfig */ = {isa = PBXFileReference; includeInIndex = 1; lastKnownFileType = text.xcconfig; name = "Pods-EmptyPage_Tests.debug.xcconfig"; path = "Pods/Target Support Files/Pods-EmptyPage_Tests/Pods-EmptyPage_Tests.debug.xcconfig"; sourceTree = "<group>"; };
		CDA25D562009A7BD003C0E7E /* Images.xcassets */ = {isa = PBXFileReference; lastKnownFileType = folder.assetcatalog; path = Images.xcassets; sourceTree = "<group>"; };
		CDA25D582009E4CB003C0E7E /* DemoTableViewController.swift */ = {isa = PBXFileReference; lastKnownFileType = sourcecode.swift; path = DemoTableViewController.swift; sourceTree = "<group>"; };
		CDA25D5A2009E4DB003C0E7E /* DemoCollectionViewController.swift */ = {isa = PBXFileReference; lastKnownFileType = sourcecode.swift; path = DemoCollectionViewController.swift; sourceTree = "<group>"; };
		CDA25D5C2009E54F003C0E7E /* EmptyManger.swift */ = {isa = PBXFileReference; lastKnownFileType = sourcecode.swift; path = EmptyManger.swift; sourceTree = "<group>"; };
		CDA25D5E2009E630003C0E7E /* EmptyPageForAnimation.swift */ = {isa = PBXFileReference; lastKnownFileType = sourcecode.swift; path = EmptyPageForAnimation.swift; sourceTree = "<group>"; };
		CDA25D602009E657003C0E7E /* EmptyPageForAnimation.xib */ = {isa = PBXFileReference; lastKnownFileType = file.xib; path = EmptyPageForAnimation.xib; sourceTree = "<group>"; };
		E355CF9FA2F096DBC0131154 /* Pods-EmptyPage_Example.debug.xcconfig */ = {isa = PBXFileReference; includeInIndex = 1; lastKnownFileType = text.xcconfig; name = "Pods-EmptyPage_Example.debug.xcconfig"; path = "Pods/Target Support Files/Pods-EmptyPage_Example/Pods-EmptyPage_Example.debug.xcconfig"; sourceTree = "<group>"; };
/* End PBXFileReference section */

/* Begin PBXFrameworksBuildPhase section */
		607FACCD1AFB9204008FA782 /* Frameworks */ = {
			isa = PBXFrameworksBuildPhase;
			buildActionMask = 2147483647;
			files = (
				D1322284C3AF07E5E228A989 /* Pods_EmptyPage_Example.framework in Frameworks */,
			);
			runOnlyForDeploymentPostprocessing = 0;
		};
/* End PBXFrameworksBuildPhase section */

/* Begin PBXGroup section */
		607FACC71AFB9204008FA782 = {
			isa = PBXGroup;
			children = (
				607FACF51AFB993E008FA782 /* Podspec Metadata */,
				607FACD21AFB9204008FA782 /* Example for EmptyPage */,
				607FACD11AFB9204008FA782 /* Products */,
				7166299F477013EBCD38D140 /* Pods */,
				CC162247290B497944FA1627 /* Frameworks */,
			);
			sourceTree = "<group>";
		};
		607FACD11AFB9204008FA782 /* Products */ = {
			isa = PBXGroup;
			children = (
				607FACD01AFB9204008FA782 /* EmptyPage_Example.app */,
			);
			name = Products;
			sourceTree = "<group>";
		};
		607FACD21AFB9204008FA782 /* Example for EmptyPage */ = {
			isa = PBXGroup;
			children = (
				CDA25D562009A7BD003C0E7E /* Images.xcassets */,
				607FACD51AFB9204008FA782 /* AppDelegate.swift */,
				607FACDE1AFB9204008FA782 /* LaunchScreen.xib */,
				607FACD31AFB9204008FA782 /* Supporting Files */,
				9D9EB38C200866C7002264E7 /* HomeViewController.swift */,
				9D9EB38E2008674E002264E7 /* HomeViewController.storyboard */,
				9D9EB39020088528002264E7 /* EmptyPageForCustom.swift */,
				9D9EB3922008853E002264E7 /* EmptyPageForCustom.xib */,
				CDA25D582009E4CB003C0E7E /* DemoTableViewController.swift */,
				CDA25D5A2009E4DB003C0E7E /* DemoCollectionViewController.swift */,
				CDA25D5C2009E54F003C0E7E /* EmptyManger.swift */,
				CDA25D5E2009E630003C0E7E /* EmptyPageForAnimation.swift */,
				CDA25D602009E657003C0E7E /* EmptyPageForAnimation.xib */,
			);
			name = "Example for EmptyPage";
			path = EmptyPage;
			sourceTree = "<group>";
		};
		607FACD31AFB9204008FA782 /* Supporting Files */ = {
			isa = PBXGroup;
			children = (
				607FACD41AFB9204008FA782 /* Info.plist */,
			);
			name = "Supporting Files";
			sourceTree = "<group>";
		};
		607FACF51AFB993E008FA782 /* Podspec Metadata */ = {
			isa = PBXGroup;
			children = (
				9D7F63532005ED050028F898 /* .swift-version */,
				72069FE43CCD8BD2766D9ED7 /* EmptyPage.podspec */,
				A8187284C2035D73F1FEC286 /* README.md */,
				279651C94AB31F26C93245C4 /* LICENSE */,
			);
			name = "Podspec Metadata";
			sourceTree = "<group>";
		};
		7166299F477013EBCD38D140 /* Pods */ = {
			isa = PBXGroup;
			children = (
				E355CF9FA2F096DBC0131154 /* Pods-EmptyPage_Example.debug.xcconfig */,
				2A92FDD691F47CFF2DA54F12 /* Pods-EmptyPage_Example.release.xcconfig */,
				B9825AB205A0A5E1168F3C90 /* Pods-EmptyPage_Tests.debug.xcconfig */,
				8B2DDCFE4E0A31B1EDF137CB /* Pods-EmptyPage_Tests.release.xcconfig */,
			);
			name = Pods;
			sourceTree = "<group>";
		};
		CC162247290B497944FA1627 /* Frameworks */ = {
			isa = PBXGroup;
			children = (
				2A65B0197A95543AF5D0756E /* Pods_EmptyPage_Example.framework */,
				7A0D4B6758498EB40AB7A721 /* Pods_EmptyPage_Tests.framework */,
			);
			name = Frameworks;
			sourceTree = "<group>";
		};
/* End PBXGroup section */

/* Begin PBXNativeTarget section */
		607FACCF1AFB9204008FA782 /* EmptyPage_Example */ = {
			isa = PBXNativeTarget;
			buildConfigurationList = 607FACEF1AFB9204008FA782 /* Build configuration list for PBXNativeTarget "EmptyPage_Example" */;
			buildPhases = (
				7CD4D0AEEEE555DC7F08EB2C /* [CP] Check Pods Manifest.lock */,
				607FACCC1AFB9204008FA782 /* Sources */,
				607FACCD1AFB9204008FA782 /* Frameworks */,
				607FACCE1AFB9204008FA782 /* Resources */,
				7A42C725E1D439B4AEC7FA49 /* [CP] Embed Pods Frameworks */,
				814CBE66BD94367A4B6A890F /* [CP] Copy Pods Resources */,
			);
			buildRules = (
			);
			dependencies = (
			);
			name = EmptyPage_Example;
			productName = EmptyPage;
			productReference = 607FACD01AFB9204008FA782 /* EmptyPage_Example.app */;
			productType = "com.apple.product-type.application";
		};
/* End PBXNativeTarget section */

/* Begin PBXProject section */
		607FACC81AFB9204008FA782 /* Project object */ = {
			isa = PBXProject;
			attributes = {
				LastSwiftUpdateCheck = 0830;
				LastUpgradeCheck = 0830;
				ORGANIZATIONNAME = CocoaPods;
				TargetAttributes = {
					607FACCF1AFB9204008FA782 = {
						CreatedOnToolsVersion = 6.3.1;
						DevelopmentTeam = 8H2PX2432F;
						LastSwiftMigration = 0900;
					};
				};
			};
			buildConfigurationList = 607FACCB1AFB9204008FA782 /* Build configuration list for PBXProject "EmptyPage" */;
			compatibilityVersion = "Xcode 3.2";
			developmentRegion = English;
			hasScannedForEncodings = 0;
			knownRegions = (
				en,
				Base,
			);
			mainGroup = 607FACC71AFB9204008FA782;
			productRefGroup = 607FACD11AFB9204008FA782 /* Products */;
			projectDirPath = "";
			projectRoot = "";
			targets = (
				607FACCF1AFB9204008FA782 /* EmptyPage_Example */,
			);
		};
/* End PBXProject section */

/* Begin PBXResourcesBuildPhase section */
		607FACCE1AFB9204008FA782 /* Resources */ = {
			isa = PBXResourcesBuildPhase;
			buildActionMask = 2147483647;
			files = (
				9D9EB38F2008674E002264E7 /* HomeViewController.storyboard in Resources */,
				CDA25D612009E657003C0E7E /* EmptyPageForAnimation.xib in Resources */,
				607FACE01AFB9204008FA782 /* LaunchScreen.xib in Resources */,
				CDA25D572009A7BD003C0E7E /* Images.xcassets in Resources */,
				9D9EB3932008853E002264E7 /* EmptyPageForCustom.xib in Resources */,
				9D7F63542005ED050028F898 /* .swift-version in Resources */,
			);
			runOnlyForDeploymentPostprocessing = 0;
		};
/* End PBXResourcesBuildPhase section */

/* Begin PBXShellScriptBuildPhase section */
		7A42C725E1D439B4AEC7FA49 /* [CP] Embed Pods Frameworks */ = {
			isa = PBXShellScriptBuildPhase;
			buildActionMask = 2147483647;
			files = (
			);
			inputPaths = (
				"${SRCROOT}/Pods/Target Support Files/Pods-EmptyPage_Example/Pods-EmptyPage_Example-frameworks.sh",
				"${BUILT_PRODUCTS_DIR}/EmptyPage/EmptyPage.framework",
			);
			name = "[CP] Embed Pods Frameworks";
			outputPaths = (
				"${TARGET_BUILD_DIR}/${FRAMEWORKS_FOLDER_PATH}/EmptyPage.framework",
			);
			runOnlyForDeploymentPostprocessing = 0;
			shellPath = /bin/sh;
			shellScript = "\"${SRCROOT}/Pods/Target Support Files/Pods-EmptyPage_Example/Pods-EmptyPage_Example-frameworks.sh\"\n";
			showEnvVarsInLog = 0;
		};
		7CD4D0AEEEE555DC7F08EB2C /* [CP] Check Pods Manifest.lock */ = {
			isa = PBXShellScriptBuildPhase;
			buildActionMask = 2147483647;
			files = (
			);
			inputPaths = (
				"${PODS_PODFILE_DIR_PATH}/Podfile.lock",
				"${PODS_ROOT}/Manifest.lock",
			);
			name = "[CP] Check Pods Manifest.lock";
			outputPaths = (
				"$(DERIVED_FILE_DIR)/Pods-EmptyPage_Example-checkManifestLockResult.txt",
			);
			runOnlyForDeploymentPostprocessing = 0;
			shellPath = /bin/sh;
			shellScript = "diff \"${PODS_PODFILE_DIR_PATH}/Podfile.lock\" \"${PODS_ROOT}/Manifest.lock\" > /dev/null\nif [ $? != 0 ] ; then\n    # print error to STDERR\n    echo \"error: The sandbox is not in sync with the Podfile.lock. Run 'pod install' or update your CocoaPods installation.\" >&2\n    exit 1\nfi\n# This output is used by Xcode 'outputs' to avoid re-running this script phase.\necho \"SUCCESS\" > \"${SCRIPT_OUTPUT_FILE_0}\"\n";
			showEnvVarsInLog = 0;
		};
		814CBE66BD94367A4B6A890F /* [CP] Copy Pods Resources */ = {
			isa = PBXShellScriptBuildPhase;
			buildActionMask = 2147483647;
			files = (
			);
			inputPaths = (
			);
			name = "[CP] Copy Pods Resources";
			outputPaths = (
			);
			runOnlyForDeploymentPostprocessing = 0;
			shellPath = /bin/sh;
			shellScript = "\"${SRCROOT}/Pods/Target Support Files/Pods-EmptyPage_Example/Pods-EmptyPage_Example-resources.sh\"\n";
			showEnvVarsInLog = 0;
		};
/* End PBXShellScriptBuildPhase section */

/* Begin PBXSourcesBuildPhase section */
		607FACCC1AFB9204008FA782 /* Sources */ = {
			isa = PBXSourcesBuildPhase;
			buildActionMask = 2147483647;
			files = (
				CDA25D592009E4CB003C0E7E /* DemoTableViewController.swift in Sources */,
				CDA25D5F2009E630003C0E7E /* EmptyPageForAnimation.swift in Sources */,
				9D9EB39120088528002264E7 /* EmptyPageForCustom.swift in Sources */,
				CDA25D5B2009E4DB003C0E7E /* DemoCollectionViewController.swift in Sources */,
				CDA25D5D2009E54F003C0E7E /* EmptyManger.swift in Sources */,
				607FACD61AFB9204008FA782 /* AppDelegate.swift in Sources */,
				9D9EB38D200866C7002264E7 /* HomeViewController.swift in Sources */,
			);
			runOnlyForDeploymentPostprocessing = 0;
		};
/* End PBXSourcesBuildPhase section */

/* Begin PBXVariantGroup section */
		607FACDE1AFB9204008FA782 /* LaunchScreen.xib */ = {
			isa = PBXVariantGroup;
			children = (
				607FACDF1AFB9204008FA782 /* Base */,
			);
			name = LaunchScreen.xib;
			sourceTree = "<group>";
		};
/* End PBXVariantGroup section */

/* Begin XCBuildConfiguration section */
		607FACED1AFB9204008FA782 /* Debug */ = {
			isa = XCBuildConfiguration;
			buildSettings = {
				ALWAYS_SEARCH_USER_PATHS = NO;
				CLANG_CXX_LANGUAGE_STANDARD = "gnu++0x";
				CLANG_CXX_LIBRARY = "libc++";
				CLANG_ENABLE_MODULES = YES;
				CLANG_ENABLE_OBJC_ARC = YES;
				CLANG_WARN_BLOCK_CAPTURE_AUTORELEASING = YES;
				CLANG_WARN_BOOL_CONVERSION = YES;
				CLANG_WARN_COMMA = YES;
				CLANG_WARN_CONSTANT_CONVERSION = YES;
				CLANG_WARN_DIRECT_OBJC_ISA_USAGE = YES_ERROR;
				CLANG_WARN_EMPTY_BODY = YES;
				CLANG_WARN_ENUM_CONVERSION = YES;
				CLANG_WARN_INFINITE_RECURSION = YES;
				CLANG_WARN_INT_CONVERSION = YES;
				CLANG_WARN_NON_LITERAL_NULL_CONVERSION = YES;
				CLANG_WARN_OBJC_LITERAL_CONVERSION = YES;
				CLANG_WARN_OBJC_ROOT_CLASS = YES_ERROR;
				CLANG_WARN_RANGE_LOOP_ANALYSIS = YES;
				CLANG_WARN_STRICT_PROTOTYPES = YES;
				CLANG_WARN_SUSPICIOUS_MOVE = YES;
				CLANG_WARN_UNREACHABLE_CODE = YES;
				CLANG_WARN__DUPLICATE_METHOD_MATCH = YES;
				"CODE_SIGN_IDENTITY[sdk=iphoneos*]" = "iPhone Developer";
				COPY_PHASE_STRIP = NO;
				DEBUG_INFORMATION_FORMAT = "dwarf-with-dsym";
				ENABLE_STRICT_OBJC_MSGSEND = YES;
				ENABLE_TESTABILITY = YES;
				GCC_C_LANGUAGE_STANDARD = gnu99;
				GCC_DYNAMIC_NO_PIC = NO;
				GCC_NO_COMMON_BLOCKS = YES;
				GCC_OPTIMIZATION_LEVEL = 0;
				GCC_PREPROCESSOR_DEFINITIONS = (
					"DEBUG=1",
					"$(inherited)",
				);
				GCC_SYMBOLS_PRIVATE_EXTERN = NO;
				GCC_WARN_64_TO_32_BIT_CONVERSION = YES;
				GCC_WARN_ABOUT_RETURN_TYPE = YES_ERROR;
				GCC_WARN_UNDECLARED_SELECTOR = YES;
				GCC_WARN_UNINITIALIZED_AUTOS = YES_AGGRESSIVE;
				GCC_WARN_UNUSED_FUNCTION = YES;
				GCC_WARN_UNUSED_VARIABLE = YES;
				IPHONEOS_DEPLOYMENT_TARGET = 9.3;
				MTL_ENABLE_DEBUG_INFO = YES;
				ONLY_ACTIVE_ARCH = YES;
				SDKROOT = iphoneos;
				SWIFT_OPTIMIZATION_LEVEL = "-Onone";
			};
			name = Debug;
		};
		607FACEE1AFB9204008FA782 /* Release */ = {
			isa = XCBuildConfiguration;
			buildSettings = {
				ALWAYS_SEARCH_USER_PATHS = NO;
				CLANG_CXX_LANGUAGE_STANDARD = "gnu++0x";
				CLANG_CXX_LIBRARY = "libc++";
				CLANG_ENABLE_MODULES = YES;
				CLANG_ENABLE_OBJC_ARC = YES;
				CLANG_WARN_BLOCK_CAPTURE_AUTORELEASING = YES;
				CLANG_WARN_BOOL_CONVERSION = YES;
				CLANG_WARN_COMMA = YES;
				CLANG_WARN_CONSTANT_CONVERSION = YES;
				CLANG_WARN_DIRECT_OBJC_ISA_USAGE = YES_ERROR;
				CLANG_WARN_EMPTY_BODY = YES;
				CLANG_WARN_ENUM_CONVERSION = YES;
				CLANG_WARN_INFINITE_RECURSION = YES;
				CLANG_WARN_INT_CONVERSION = YES;
				CLANG_WARN_NON_LITERAL_NULL_CONVERSION = YES;
				CLANG_WARN_OBJC_LITERAL_CONVERSION = YES;
				CLANG_WARN_OBJC_ROOT_CLASS = YES_ERROR;
				CLANG_WARN_RANGE_LOOP_ANALYSIS = YES;
				CLANG_WARN_STRICT_PROTOTYPES = YES;
				CLANG_WARN_SUSPICIOUS_MOVE = YES;
				CLANG_WARN_UNREACHABLE_CODE = YES;
				CLANG_WARN__DUPLICATE_METHOD_MATCH = YES;
				"CODE_SIGN_IDENTITY[sdk=iphoneos*]" = "iPhone Developer";
				COPY_PHASE_STRIP = NO;
				DEBUG_INFORMATION_FORMAT = "dwarf-with-dsym";
				ENABLE_NS_ASSERTIONS = NO;
				ENABLE_STRICT_OBJC_MSGSEND = YES;
				GCC_C_LANGUAGE_STANDARD = gnu99;
				GCC_NO_COMMON_BLOCKS = YES;
				GCC_WARN_64_TO_32_BIT_CONVERSION = YES;
				GCC_WARN_ABOUT_RETURN_TYPE = YES_ERROR;
				GCC_WARN_UNDECLARED_SELECTOR = YES;
				GCC_WARN_UNINITIALIZED_AUTOS = YES_AGGRESSIVE;
				GCC_WARN_UNUSED_FUNCTION = YES;
				GCC_WARN_UNUSED_VARIABLE = YES;
				IPHONEOS_DEPLOYMENT_TARGET = 9.3;
				MTL_ENABLE_DEBUG_INFO = NO;
				SDKROOT = iphoneos;
				SWIFT_OPTIMIZATION_LEVEL = "-Owholemodule";
				VALIDATE_PRODUCT = YES;
			};
			name = Release;
		};
		607FACF01AFB9204008FA782 /* Debug */ = {
			isa = XCBuildConfiguration;
			baseConfigurationReference = E355CF9FA2F096DBC0131154 /* Pods-EmptyPage_Example.debug.xcconfig */;
			buildSettings = {
				ASSETCATALOG_COMPILER_APPICON_NAME = AppIcon;
				DEVELOPMENT_TEAM = 8H2PX2432F;
				INFOPLIST_FILE = EmptyPage/Info.plist;
				LD_RUNPATH_SEARCH_PATHS = "$(inherited) @executable_path/Frameworks";
				MODULE_NAME = ExampleApp;
				PRODUCT_BUNDLE_IDENTIFIER = "org.cocoapods.demo.$(PRODUCT_NAME:rfc1034identifier)";
				PRODUCT_NAME = "$(TARGET_NAME)";
				SWIFT_SWIFT3_OBJC_INFERENCE = Default;
				SWIFT_VERSION = 4.0;
			};
			name = Debug;
		};
		607FACF11AFB9204008FA782 /* Release */ = {
			isa = XCBuildConfiguration;
			baseConfigurationReference = 2A92FDD691F47CFF2DA54F12 /* Pods-EmptyPage_Example.release.xcconfig */;
			buildSettings = {
				ASSETCATALOG_COMPILER_APPICON_NAME = AppIcon;
				DEVELOPMENT_TEAM = 8H2PX2432F;
				INFOPLIST_FILE = EmptyPage/Info.plist;
				LD_RUNPATH_SEARCH_PATHS = "$(inherited) @executable_path/Frameworks";
				MODULE_NAME = ExampleApp;
				PRODUCT_BUNDLE_IDENTIFIER = "org.cocoapods.demo.$(PRODUCT_NAME:rfc1034identifier)";
				PRODUCT_NAME = "$(TARGET_NAME)";
				SWIFT_SWIFT3_OBJC_INFERENCE = Default;
				SWIFT_VERSION = 4.0;
			};
			name = Release;
		};
/* End XCBuildConfiguration section */

/* Begin XCConfigurationList section */
		607FACCB1AFB9204008FA782 /* Build configuration list for PBXProject "EmptyPage" */ = {
			isa = XCConfigurationList;
			buildConfigurations = (
				607FACED1AFB9204008FA782 /* Debug */,
				607FACEE1AFB9204008FA782 /* Release */,
			);
			defaultConfigurationIsVisible = 0;
			defaultConfigurationName = Release;
		};
		607FACEF1AFB9204008FA782 /* Build configuration list for PBXNativeTarget "EmptyPage_Example" */ = {
			isa = XCConfigurationList;
			buildConfigurations = (
				607FACF01AFB9204008FA782 /* Debug */,
				607FACF11AFB9204008FA782 /* Release */,
			);
			defaultConfigurationIsVisible = 0;
			defaultConfigurationName = Release;
		};
/* End XCConfigurationList section */
	};
	rootObject = 607FACC81AFB9204008FA782 /* Project object */;
}
